
Microsoft Visual Studio Solution File, Format Version 12.00
# Visual Studio 14
VisualStudioVersion = 14.0.25420.1
MinimumVisualStudioVersion = 10.0.40219.1
Project("{FAE04EC0-301F-11D3-BF4B-00C04F79EFBC}") = "GolfApp2", "GolfApp2\GolfApp2\GolfApp2.csproj", "{6496E040-AFBD-4F3E-8C15-4F7A92E9EFA3}"
EndProject
Project("{FAE04EC0-301F-11D3-BF4B-00C04F79EFBC}") = "GolfApp2.Droid", "GolfApp2\GolfApp2.Droid\GolfApp2.Droid.csproj", "{C6DA969B-7F5C-4908-BEA3-F61C59EB2782}"
EndProject
Project("{FAE04EC0-301F-11D3-BF4B-00C04F79EFBC}") = "GolfApp2.iOS", "GolfApp2\GolfApp2.iOS\GolfApp2.iOS.csproj", "{0752C1C1-4647-4FF5-88F9-39C249113DED}"
EndProject
Project("{FAE04EC0-301F-11D3-BF4B-00C04F79EFBC}") = "GolfApp2.WinPhone", "GolfApp2\GolfApp2.WinPhone\GolfApp2.WinPhone.csproj", "{8295E4FD-BFD4-4DDE-9EBA-94F4BB29FCA1}"
EndProject
Project("{FAE04EC0-301F-11D3-BF4B-00C04F79EFBC}") = "GolfApp2.Windows", "GolfApp2\GolfApp2.Windows\GolfApp2.Windows.csproj", "{33A38195-F380-4203-85C7-40EE85177643}"
EndProject
Global
	GlobalSection(SolutionConfigurationPlatforms) = preSolution
		Ad-Hoc|Any CPU = Ad-Hoc|Any CPU
		Ad-Hoc|ARM = Ad-Hoc|ARM
		Ad-Hoc|iPhone = Ad-Hoc|iPhone
		Ad-Hoc|iPhoneSimulator = Ad-Hoc|iPhoneSimulator
		Ad-Hoc|x64 = Ad-Hoc|x64
		Ad-Hoc|x86 = Ad-Hoc|x86
		AppStore|Any CPU = AppStore|Any CPU
		AppStore|ARM = AppStore|ARM
		AppStore|iPhone = AppStore|iPhone
		AppStore|iPhoneSimulator = AppStore|iPhoneSimulator
		AppStore|x64 = AppStore|x64
		AppStore|x86 = AppStore|x86
		Debug|Any CPU = Debug|Any CPU
		Debug|ARM = Debug|ARM
		Debug|iPhone = Debug|iPhone
		Debug|iPhoneSimulator = Debug|iPhoneSimulator
		Debug|x64 = Debug|x64
		Debug|x86 = Debug|x86
		Release|Any CPU = Release|Any CPU
		Release|ARM = Release|ARM
		Release|iPhone = Release|iPhone
		Release|iPhoneSimulator = Release|iPhoneSimulator
		Release|x64 = Release|x64
		Release|x86 = Release|x86
	EndGlobalSection
	GlobalSection(ProjectConfigurationPlatforms) = postSolution
		{6496E040-AFBD-4F3E-8C15-4F7A92E9EFA3}.Ad-Hoc|Any CPU.ActiveCfg = Release|Any CPU
		{6496E040-AFBD-4F3E-8C15-4F7A92E9EFA3}.Ad-Hoc|Any CPU.Build.0 = Release|Any CPU
		{6496E040-AFBD-4F3E-8C15-4F7A92E9EFA3}.Ad-Hoc|ARM.ActiveCfg = Release|Any CPU
		{6496E040-AFBD-4F3E-8C15-4F7A92E9EFA3}.Ad-Hoc|ARM.Build.0 = Release|Any CPU
		{6496E040-AFBD-4F3E-8C15-4F7A92E9EFA3}.Ad-Hoc|iPhone.ActiveCfg = Release|Any CPU
		{6496E040-AFBD-4F3E-8C15-4F7A92E9EFA3}.Ad-Hoc|iPhone.Build.0 = Release|Any CPU
		{6496E040-AFBD-4F3E-8C15-4F7A92E9EFA3}.Ad-Hoc|iPhoneSimulator.ActiveCfg = Release|Any CPU
		{6496E040-AFBD-4F3E-8C15-4F7A92E9EFA3}.Ad-Hoc|iPhoneSimulator.Build.0 = Release|Any CPU
		{6496E040-AFBD-4F3E-8C15-4F7A92E9EFA3}.Ad-Hoc|x64.ActiveCfg = Release|Any CPU
		{6496E040-AFBD-4F3E-8C15-4F7A92E9EFA3}.Ad-Hoc|x64.Build.0 = Release|Any CPU
		{6496E040-AFBD-4F3E-8C15-4F7A92E9EFA3}.Ad-Hoc|x86.ActiveCfg = Release|Any CPU
		{6496E040-AFBD-4F3E-8C15-4F7A92E9EFA3}.Ad-Hoc|x86.Build.0 = Release|Any CPU
		{6496E040-AFBD-4F3E-8C15-4F7A92E9EFA3}.AppStore|Any CPU.ActiveCfg = Release|Any CPU
		{6496E040-AFBD-4F3E-8C15-4F7A92E9EFA3}.AppStore|Any CPU.Build.0 = Release|Any CPU
		{6496E040-AFBD-4F3E-8C15-4F7A92E9EFA3}.AppStore|ARM.ActiveCfg = Release|Any CPU
		{6496E040-AFBD-4F3E-8C15-4F7A92E9EFA3}.AppStore|ARM.Build.0 = Release|Any CPU
		{6496E040-AFBD-4F3E-8C15-4F7A92E9EFA3}.AppStore|iPhone.ActiveCfg = Release|Any CPU
		{6496E040-AFBD-4F3E-8C15-4F7A92E9EFA3}.AppStore|iPhone.Build.0 = Release|Any CPU
		{6496E040-AFBD-4F3E-8C15-4F7A92E9EFA3}.AppStore|iPhoneSimulator.ActiveCfg = Release|Any CPU
		{6496E040-AFBD-4F3E-8C15-4F7A92E9EFA3}.AppStore|iPhoneSimulator.Build.0 = Release|Any CPU
		{6496E040-AFBD-4F3E-8C15-4F7A92E9EFA3}.AppStore|x64.ActiveCfg = Release|Any CPU
		{6496E040-AFBD-4F3E-8C15-4F7A92E9EFA3}.AppStore|x64.Build.0 = Release|Any CPU
		{6496E040-AFBD-4F3E-8C15-4F7A92E9EFA3}.AppStore|x86.ActiveCfg = Release|Any CPU
		{6496E040-AFBD-4F3E-8C15-4F7A92E9EFA3}.AppStore|x86.Build.0 = Release|Any CPU
		{6496E040-AFBD-4F3E-8C15-4F7A92E9EFA3}.Debug|Any CPU.ActiveCfg = Debug|Any CPU
		{6496E040-AFBD-4F3E-8C15-4F7A92E9EFA3}.Debug|Any CPU.Build.0 = Debug|Any CPU
		{6496E040-AFBD-4F3E-8C15-4F7A92E9EFA3}.Debug|ARM.ActiveCfg = Debug|Any CPU
		{6496E040-AFBD-4F3E-8C15-4F7A92E9EFA3}.Debug|ARM.Build.0 = Debug|Any CPU
		{6496E040-AFBD-4F3E-8C15-4F7A92E9EFA3}.Debug|iPhone.ActiveCfg = Debug|Any CPU
		{6496E040-AFBD-4F3E-8C15-4F7A92E9EFA3}.Debug|iPhone.Build.0 = Debug|Any CPU
		{6496E040-AFBD-4F3E-8C15-4F7A92E9EFA3}.Debug|iPhoneSimulator.ActiveCfg = Debug|Any CPU
		{6496E040-AFBD-4F3E-8C15-4F7A92E9EFA3}.Debug|iPhoneSimulator.Build.0 = Debug|Any CPU
		{6496E040-AFBD-4F3E-8C15-4F7A92E9EFA3}.Debug|x64.ActiveCfg = Debug|Any CPU
		{6496E040-AFBD-4F3E-8C15-4F7A92E9EFA3}.Debug|x64.Build.0 = Debug|Any CPU
		{6496E040-AFBD-4F3E-8C15-4F7A92E9EFA3}.Debug|x86.ActiveCfg = Debug|Any CPU
		{6496E040-AFBD-4F3E-8C15-4F7A92E9EFA3}.Debug|x86.Build.0 = Debug|Any CPU
		{6496E040-AFBD-4F3E-8C15-4F7A92E9EFA3}.Release|Any CPU.ActiveCfg = Release|Any CPU
		{6496E040-AFBD-4F3E-8C15-4F7A92E9EFA3}.Release|Any CPU.Build.0 = Release|Any CPU
		{6496E040-AFBD-4F3E-8C15-4F7A92E9EFA3}.Release|ARM.ActiveCfg = Release|Any CPU
		{6496E040-AFBD-4F3E-8C15-4F7A92E9EFA3}.Release|ARM.Build.0 = Release|Any CPU
		{6496E040-AFBD-4F3E-8C15-4F7A92E9EFA3}.Release|iPhone.ActiveCfg = Release|Any CPU
		{6496E040-AFBD-4F3E-8C15-4F7A92E9EFA3}.Release|iPhone.Build.0 = Release|Any CPU
		{6496E040-AFBD-4F3E-8C15-4F7A92E9EFA3}.Release|iPhoneSimulator.ActiveCfg = Release|Any CPU
		{6496E040-AFBD-4F3E-8C15-4F7A92E9EFA3}.Release|iPhoneSimulator.Build.0 = Release|Any CPU
		{6496E040-AFBD-4F3E-8C15-4F7A92E9EFA3}.Release|x64.ActiveCfg = Release|Any CPU
		{6496E040-AFBD-4F3E-8C15-4F7A92E9EFA3}.Release|x64.Build.0 = Release|Any CPU
		{6496E040-AFBD-4F3E-8C15-4F7A92E9EFA3}.Release|x86.ActiveCfg = Release|Any CPU
		{6496E040-AFBD-4F3E-8C15-4F7A92E9EFA3}.Release|x86.Build.0 = Release|Any CPU
		{C6DA969B-7F5C-4908-BEA3-F61C59EB2782}.Ad-Hoc|Any CPU.ActiveCfg = Release|Any CPU
		{C6DA969B-7F5C-4908-BEA3-F61C59EB2782}.Ad-Hoc|Any CPU.Build.0 = Release|Any CPU
		{C6DA969B-7F5C-4908-BEA3-F61C59EB2782}.Ad-Hoc|Any CPU.Deploy.0 = Release|Any CPU
		{C6DA969B-7F5C-4908-BEA3-F61C59EB2782}.Ad-Hoc|ARM.ActiveCfg = Release|Any CPU
		{C6DA969B-7F5C-4908-BEA3-F61C59EB2782}.Ad-Hoc|ARM.Build.0 = Release|Any CPU
		{C6DA969B-7F5C-4908-BEA3-F61C59EB2782}.Ad-Hoc|ARM.Deploy.0 = Release|Any CPU
		{C6DA969B-7F5C-4908-BEA3-F61C59EB2782}.Ad-Hoc|iPhone.ActiveCfg = Release|Any CPU
		{C6DA969B-7F5C-4908-BEA3-F61C59EB2782}.Ad-Hoc|iPhone.Build.0 = Release|Any CPU
		{C6DA969B-7F5C-4908-BEA3-F61C59EB2782}.Ad-Hoc|iPhone.Deploy.0 = Release|Any CPU
		{C6DA969B-7F5C-4908-BEA3-F61C59EB2782}.Ad-Hoc|iPhoneSimulator.ActiveCfg = Release|Any CPU
		{C6DA969B-7F5C-4908-BEA3-F61C59EB2782}.Ad-Hoc|iPhoneSimulator.Build.0 = Release|Any CPU
		{C6DA969B-7F5C-4908-BEA3-F61C59EB2782}.Ad-Hoc|iPhoneSimulator.Deploy.0 = Release|Any CPU
		{C6DA969B-7F5C-4908-BEA3-F61C59EB2782}.Ad-Hoc|x64.ActiveCfg = Release|Any CPU
		{C6DA969B-7F5C-4908-BEA3-F61C59EB2782}.Ad-Hoc|x64.Build.0 = Release|Any CPU
		{C6DA969B-7F5C-4908-BEA3-F61C59EB2782}.Ad-Hoc|x64.Deploy.0 = Release|Any CPU
		{C6DA969B-7F5C-4908-BEA3-F61C59EB2782}.Ad-Hoc|x86.ActiveCfg = Release|Any CPU
		{C6DA969B-7F5C-4908-BEA3-F61C59EB2782}.Ad-Hoc|x86.Build.0 = Release|Any CPU
		{C6DA969B-7F5C-4908-BEA3-F61C59EB2782}.Ad-Hoc|x86.Deploy.0 = Release|Any CPU
		{C6DA969B-7F5C-4908-BEA3-F61C59EB2782}.AppStore|Any CPU.ActiveCfg = Release|Any CPU
		{C6DA969B-7F5C-4908-BEA3-F61C59EB2782}.AppStore|Any CPU.Build.0 = Release|Any CPU
		{C6DA969B-7F5C-4908-BEA3-F61C59EB2782}.AppStore|Any CPU.Deploy.0 = Release|Any CPU
		{C6DA969B-7F5C-4908-BEA3-F61C59EB2782}.AppStore|ARM.ActiveCfg = Release|Any CPU
		{C6DA969B-7F5C-4908-BEA3-F61C59EB2782}.AppStore|ARM.Build.0 = Release|Any CPU
		{C6DA969B-7F5C-4908-BEA3-F61C59EB2782}.AppStore|ARM.Deploy.0 = Release|Any CPU
		{C6DA969B-7F5C-4908-BEA3-F61C59EB2782}.AppStore|iPhone.ActiveCfg = Release|Any CPU
		{C6DA969B-7F5C-4908-BEA3-F61C59EB2782}.AppStore|iPhone.Build.0 = Release|Any CPU
		{C6DA969B-7F5C-4908-BEA3-F61C59EB2782}.AppStore|iPhone.Deploy.0 = Release|Any CPU
		{C6DA969B-7F5C-4908-BEA3-F61C59EB2782}.AppStore|iPhoneSimulator.ActiveCfg = Release|Any CPU
		{C6DA969B-7F5C-4908-BEA3-F61C59EB2782}.AppStore|iPhoneSimulator.Build.0 = Release|Any CPU
		{C6DA969B-7F5C-4908-BEA3-F61C59EB2782}.AppStore|iPhoneSimulator.Deploy.0 = Release|Any CPU
		{C6DA969B-7F5C-4908-BEA3-F61C59EB2782}.AppStore|x64.ActiveCfg = Release|Any CPU
		{C6DA969B-7F5C-4908-BEA3-F61C59EB2782}.AppStore|x64.Build.0 = Release|Any CPU
		{C6DA969B-7F5C-4908-BEA3-F61C59EB2782}.AppStore|x64.Deploy.0 = Release|Any CPU
		{C6DA969B-7F5C-4908-BEA3-F61C59EB2782}.AppStore|x86.ActiveCfg = Release|Any CPU
		{C6DA969B-7F5C-4908-BEA3-F61C59EB2782}.AppStore|x86.Build.0 = Release|Any CPU
		{C6DA969B-7F5C-4908-BEA3-F61C59EB2782}.AppStore|x86.Deploy.0 = Release|Any CPU
		{C6DA969B-7F5C-4908-BEA3-F61C59EB2782}.Debug|Any CPU.ActiveCfg = Debug|Any CPU
		{C6DA969B-7F5C-4908-BEA3-F61C59EB2782}.Debug|Any CPU.Build.0 = Debug|Any CPU
		{C6DA969B-7F5C-4908-BEA3-F61C59EB2782}.Debug|Any CPU.Deploy.0 = Debug|Any CPU
		{C6DA969B-7F5C-4908-BEA3-F61C59EB2782}.Debug|ARM.ActiveCfg = Debug|Any CPU
		{C6DA969B-7F5C-4908-BEA3-F61C59EB2782}.Debug|ARM.Build.0 = Debug|Any CPU
		{C6DA969B-7F5C-4908-BEA3-F61C59EB2782}.Debug|ARM.Deploy.0 = Debug|Any CPU
		{C6DA969B-7F5C-4908-BEA3-F61C59EB2782}.Debug|iPhone.ActiveCfg = Debug|Any CPU
		{C6DA969B-7F5C-4908-BEA3-F61C59EB2782}.Debug|iPhone.Build.0 = Debug|Any CPU
		{C6DA969B-7F5C-4908-BEA3-F61C59EB2782}.Debug|iPhone.Deploy.0 = Debug|Any CPU
		{C6DA969B-7F5C-4908-BEA3-F61C59EB2782}.Debug|iPhoneSimulator.ActiveCfg = Debug|Any CPU
		{C6DA969B-7F5C-4908-BEA3-F61C59EB2782}.Debug|iPhoneSimulator.Build.0 = Debug|Any CPU
		{C6DA969B-7F5C-4908-BEA3-F61C59EB2782}.Debug|iPhoneSimulator.Deploy.0 = Debug|Any CPU
		{C6DA969B-7F5C-4908-BEA3-F61C59EB2782}.Debug|x64.ActiveCfg = Debug|Any CPU
		{C6DA969B-7F5C-4908-BEA3-F61C59EB2782}.Debug|x64.Build.0 = Debug|Any CPU
		{C6DA969B-7F5C-4908-BEA3-F61C59EB2782}.Debug|x64.Deploy.0 = Debug|Any CPU
		{C6DA969B-7F5C-4908-BEA3-F61C59EB2782}.Debug|x86.ActiveCfg = Debug|Any CPU
		{C6DA969B-7F5C-4908-BEA3-F61C59EB2782}.Debug|x86.Build.0 = Debug|Any CPU
		{C6DA969B-7F5C-4908-BEA3-F61C59EB2782}.Debug|x86.Deploy.0 = Debug|Any CPU
		{C6DA969B-7F5C-4908-BEA3-F61C59EB2782}.Release|Any CPU.ActiveCfg = Release|Any CPU
		{C6DA969B-7F5C-4908-BEA3-F61C59EB2782}.Release|Any CPU.Build.0 = Release|Any CPU
		{C6DA969B-7F5C-4908-BEA3-F61C59EB2782}.Release|Any CPU.Deploy.0 = Release|Any CPU
		{C6DA969B-7F5C-4908-BEA3-F61C59EB2782}.Release|ARM.ActiveCfg = Release|Any CPU
		{C6DA969B-7F5C-4908-BEA3-F61C59EB2782}.Release|ARM.Build.0 = Release|Any CPU
		{C6DA969B-7F5C-4908-BEA3-F61C59EB2782}.Release|ARM.Deploy.0 = Release|Any CPU
		{C6DA969B-7F5C-4908-BEA3-F61C59EB2782}.Release|iPhone.ActiveCfg = Release|Any CPU
		{C6DA969B-7F5C-4908-BEA3-F61C59EB2782}.Release|iPhone.Build.0 = Release|Any CPU
		{C6DA969B-7F5C-4908-BEA3-F61C59EB2782}.Release|iPhone.Deploy.0 = Release|Any CPU
		{C6DA969B-7F5C-4908-BEA3-F61C59EB2782}.Release|iPhoneSimulator.ActiveCfg = Release|Any CPU
		{C6DA969B-7F5C-4908-BEA3-F61C59EB2782}.Release|iPhoneSimulator.Build.0 = Release|Any CPU
		{C6DA969B-7F5C-4908-BEA3-F61C59EB2782}.Release|iPhoneSimulator.Deploy.0 = Release|Any CPU
		{C6DA969B-7F5C-4908-BEA3-F61C59EB2782}.Release|x64.ActiveCfg = Release|Any CPU
		{C6DA969B-7F5C-4908-BEA3-F61C59EB2782}.Release|x64.Build.0 = Release|Any CPU
		{C6DA969B-7F5C-4908-BEA3-F61C59EB2782}.Release|x64.Deploy.0 = Release|Any CPU
		{C6DA969B-7F5C-4908-BEA3-F61C59EB2782}.Release|x86.ActiveCfg = Release|Any CPU
		{C6DA969B-7F5C-4908-BEA3-F61C59EB2782}.Release|x86.Build.0 = Release|Any CPU
		{C6DA969B-7F5C-4908-BEA3-F61C59EB2782}.Release|x86.Deploy.0 = Release|Any CPU
		{0752C1C1-4647-4FF5-88F9-39C249113DED}.Ad-Hoc|Any CPU.ActiveCfg = Ad-Hoc|iPhone
		{0752C1C1-4647-4FF5-88F9-39C249113DED}.Ad-Hoc|ARM.ActiveCfg = Ad-Hoc|iPhone
		{0752C1C1-4647-4FF5-88F9-39C249113DED}.Ad-Hoc|iPhone.ActiveCfg = Ad-Hoc|iPhone
		{0752C1C1-4647-4FF5-88F9-39C249113DED}.Ad-Hoc|iPhone.Build.0 = Ad-Hoc|iPhone
		{0752C1C1-4647-4FF5-88F9-39C249113DED}.Ad-Hoc|iPhoneSimulator.ActiveCfg = Ad-Hoc|iPhoneSimulator
		{0752C1C1-4647-4FF5-88F9-39C249113DED}.Ad-Hoc|iPhoneSimulator.Build.0 = Ad-Hoc|iPhoneSimulator
		{0752C1C1-4647-4FF5-88F9-39C249113DED}.Ad-Hoc|x64.ActiveCfg = Ad-Hoc|iPhone
		{0752C1C1-4647-4FF5-88F9-39C249113DED}.Ad-Hoc|x86.ActiveCfg = Ad-Hoc|iPhone
		{0752C1C1-4647-4FF5-88F9-39C249113DED}.AppStore|Any CPU.ActiveCfg = AppStore|iPhone
		{0752C1C1-4647-4FF5-88F9-39C249113DED}.AppStore|ARM.ActiveCfg = AppStore|iPhone
		{0752C1C1-4647-4FF5-88F9-39C249113DED}.AppStore|iPhone.ActiveCfg = AppStore|iPhone
		{0752C1C1-4647-4FF5-88F9-39C249113DED}.AppStore|iPhone.Build.0 = AppStore|iPhone
		{0752C1C1-4647-4FF5-88F9-39C249113DED}.AppStore|iPhoneSimulator.ActiveCfg = AppStore|iPhoneSimulator
		{0752C1C1-4647-4FF5-88F9-39C249113DED}.AppStore|iPhoneSimulator.Build.0 = AppStore|iPhoneSimulator
		{0752C1C1-4647-4FF5-88F9-39C249113DED}.AppStore|x64.ActiveCfg = AppStore|iPhone
		{0752C1C1-4647-4FF5-88F9-39C249113DED}.AppStore|x86.ActiveCfg = AppStore|iPhone
		{0752C1C1-4647-4FF5-88F9-39C249113DED}.Debug|Any CPU.ActiveCfg = Debug|iPhone
		{0752C1C1-4647-4FF5-88F9-39C249113DED}.Debug|ARM.ActiveCfg = Debug|iPhone
		{0752C1C1-4647-4FF5-88F9-39C249113DED}.Debug|iPhone.ActiveCfg = Debug|iPhone
		{0752C1C1-4647-4FF5-88F9-39C249113DED}.Debug|iPhone.Build.0 = Debug|iPhone
		{0752C1C1-4647-4FF5-88F9-39C249113DED}.Debug|iPhoneSimulator.ActiveCfg = Debug|iPhoneSimulator
		{0752C1C1-4647-4FF5-88F9-39C249113DED}.Debug|iPhoneSimulator.Build.0 = Debug|iPhoneSimulator
		{0752C1C1-4647-4FF5-88F9-39C249113DED}.Debug|x64.ActiveCfg = Debug|iPhone
		{0752C1C1-4647-4FF5-88F9-39C249113DED}.Debug|x86.ActiveCfg = Debug|iPhone
		{0752C1C1-4647-4FF5-88F9-39C249113DED}.Release|Any CPU.ActiveCfg = Release|iPhone
		{0752C1C1-4647-4FF5-88F9-39C249113DED}.Release|ARM.ActiveCfg = Release|iPhone
		{0752C1C1-4647-4FF5-88F9-39C249113DED}.Release|iPhone.ActiveCfg = Release|iPhone
		{0752C1C1-4647-4FF5-88F9-39C249113DED}.Release|iPhone.Build.0 = Release|iPhone
		{0752C1C1-4647-4FF5-88F9-39C249113DED}.Release|iPhoneSimulator.ActiveCfg = Release|iPhoneSimulator
		{0752C1C1-4647-4FF5-88F9-39C249113DED}.Release|iPhoneSimulator.Build.0 = Release|iPhoneSimulator
		{0752C1C1-4647-4FF5-88F9-39C249113DED}.Release|x64.ActiveCfg = Release|iPhone
		{0752C1C1-4647-4FF5-88F9-39C249113DED}.Release|x86.ActiveCfg = Release|iPhone
		{8295E4FD-BFD4-4DDE-9EBA-94F4BB29FCA1}.Ad-Hoc|Any CPU.ActiveCfg = Release|Any CPU
		{8295E4FD-BFD4-4DDE-9EBA-94F4BB29FCA1}.Ad-Hoc|Any CPU.Build.0 = Release|Any CPU
		{8295E4FD-BFD4-4DDE-9EBA-94F4BB29FCA1}.Ad-Hoc|Any CPU.Deploy.0 = Release|Any CPU
		{8295E4FD-BFD4-4DDE-9EBA-94F4BB29FCA1}.Ad-Hoc|ARM.ActiveCfg = Release|ARM
		{8295E4FD-BFD4-4DDE-9EBA-94F4BB29FCA1}.Ad-Hoc|ARM.Build.0 = Release|ARM
		{8295E4FD-BFD4-4DDE-9EBA-94F4BB29FCA1}.Ad-Hoc|ARM.Deploy.0 = Release|ARM
		{8295E4FD-BFD4-4DDE-9EBA-94F4BB29FCA1}.Ad-Hoc|iPhone.ActiveCfg = Release|Any CPU
		{8295E4FD-BFD4-4DDE-9EBA-94F4BB29FCA1}.Ad-Hoc|iPhone.Build.0 = Release|Any CPU
		{8295E4FD-BFD4-4DDE-9EBA-94F4BB29FCA1}.Ad-Hoc|iPhone.Deploy.0 = Release|Any CPU
		{8295E4FD-BFD4-4DDE-9EBA-94F4BB29FCA1}.Ad-Hoc|iPhoneSimulator.ActiveCfg = Release|Any CPU
		{8295E4FD-BFD4-4DDE-9EBA-94F4BB29FCA1}.Ad-Hoc|iPhoneSimulator.Build.0 = Release|Any CPU
		{8295E4FD-BFD4-4DDE-9EBA-94F4BB29FCA1}.Ad-Hoc|iPhoneSimulator.Deploy.0 = Release|Any CPU
		{8295E4FD-BFD4-4DDE-9EBA-94F4BB29FCA1}.Ad-Hoc|x64.ActiveCfg = Release|Any CPU
		{8295E4FD-BFD4-4DDE-9EBA-94F4BB29FCA1}.Ad-Hoc|x64.Build.0 = Release|Any CPU
		{8295E4FD-BFD4-4DDE-9EBA-94F4BB29FCA1}.Ad-Hoc|x64.Deploy.0 = Release|Any CPU
		{8295E4FD-BFD4-4DDE-9EBA-94F4BB29FCA1}.Ad-Hoc|x86.ActiveCfg = Release|x86
		{8295E4FD-BFD4-4DDE-9EBA-94F4BB29FCA1}.Ad-Hoc|x86.Build.0 = Release|x86
		{8295E4FD-BFD4-4DDE-9EBA-94F4BB29FCA1}.Ad-Hoc|x86.Deploy.0 = Release|x86
		{8295E4FD-BFD4-4DDE-9EBA-94F4BB29FCA1}.AppStore|Any CPU.ActiveCfg = Release|Any CPU
		{8295E4FD-BFD4-4DDE-9EBA-94F4BB29FCA1}.AppStore|Any CPU.Build.0 = Release|Any CPU
		{8295E4FD-BFD4-4DDE-9EBA-94F4BB29FCA1}.AppStore|Any CPU.Deploy.0 = Release|Any CPU
		{8295E4FD-BFD4-4DDE-9EBA-94F4BB29FCA1}.AppStore|ARM.ActiveCfg = Release|ARM
		{8295E4FD-BFD4-4DDE-9EBA-94F4BB29FCA1}.AppStore|ARM.Build.0 = Release|ARM
		{8295E4FD-BFD4-4DDE-9EBA-94F4BB29FCA1}.AppStore|ARM.Deploy.0 = Release|ARM
		{8295E4FD-BFD4-4DDE-9EBA-94F4BB29FCA1}.AppStore|iPhone.ActiveCfg = Release|Any CPU
		{8295E4FD-BFD4-4DDE-9EBA-94F4BB29FCA1}.AppStore|iPhone.Build.0 = Release|Any CPU
		{8295E4FD-BFD4-4DDE-9EBA-94F4BB29FCA1}.AppStore|iPhone.Deploy.0 = Release|Any CPU
		{8295E4FD-BFD4-4DDE-9EBA-94F4BB29FCA1}.AppStore|iPhoneSimulator.ActiveCfg = Release|Any CPU
		{8295E4FD-BFD4-4DDE-9EBA-94F4BB29FCA1}.AppStore|iPhoneSimulator.Build.0 = Release|Any CPU
		{8295E4FD-BFD4-4DDE-9EBA-94F4BB29FCA1}.AppStore|iPhoneSimulator.Deploy.0 = Release|Any CPU
		{8295E4FD-BFD4-4DDE-9EBA-94F4BB29FCA1}.AppStore|x64.ActiveCfg = Release|Any CPU
		{8295E4FD-BFD4-4DDE-9EBA-94F4BB29FCA1}.AppStore|x64.Build.0 = Release|Any CPU
		{8295E4FD-BFD4-4DDE-9EBA-94F4BB29FCA1}.AppStore|x64.Deploy.0 = Release|Any CPU
		{8295E4FD-BFD4-4DDE-9EBA-94F4BB29FCA1}.AppStore|x86.ActiveCfg = Release|x86
		{8295E4FD-BFD4-4DDE-9EBA-94F4BB29FCA1}.AppStore|x86.Build.0 = Release|x86
		{8295E4FD-BFD4-4DDE-9EBA-94F4BB29FCA1}.AppStore|x86.Deploy.0 = Release|x86
		{8295E4FD-BFD4-4DDE-9EBA-94F4BB29FCA1}.Debug|Any CPU.ActiveCfg = Debug|Any CPU
		{8295E4FD-BFD4-4DDE-9EBA-94F4BB29FCA1}.Debug|Any CPU.Build.0 = Debug|Any CPU
		{8295E4FD-BFD4-4DDE-9EBA-94F4BB29FCA1}.Debug|Any CPU.Deploy.0 = Debug|Any CPU
		{8295E4FD-BFD4-4DDE-9EBA-94F4BB29FCA1}.Debug|ARM.ActiveCfg = Debug|ARM
		{8295E4FD-BFD4-4DDE-9EBA-94F4BB29FCA1}.Debug|ARM.Build.0 = Debug|ARM
		{8295E4FD-BFD4-4DDE-9EBA-94F4BB29FCA1}.Debug|ARM.Deploy.0 = Debug|ARM
		{8295E4FD-BFD4-4DDE-9EBA-94F4BB29FCA1}.Debug|iPhone.ActiveCfg = Debug|Any CPU
		{8295E4FD-BFD4-4DDE-9EBA-94F4BB29FCA1}.Debug|iPhone.Build.0 = Debug|Any CPU
		{8295E4FD-BFD4-4DDE-9EBA-94F4BB29FCA1}.Debug|iPhone.Deploy.0 = Debug|Any CPU
		{8295E4FD-BFD4-4DDE-9EBA-94F4BB29FCA1}.Debug|iPhoneSimulator.ActiveCfg = Debug|Any CPU
		{8295E4FD-BFD4-4DDE-9EBA-94F4BB29FCA1}.Debug|iPhoneSimulator.Build.0 = Debug|Any CPU
		{8295E4FD-BFD4-4DDE-9EBA-94F4BB29FCA1}.Debug|iPhoneSimulator.Deploy.0 = Debug|Any CPU
		{8295E4FD-BFD4-4DDE-9EBA-94F4BB29FCA1}.Debug|x64.ActiveCfg = Debug|Any CPU
		{8295E4FD-BFD4-4DDE-9EBA-94F4BB29FCA1}.Debug|x64.Build.0 = Debug|Any CPU
		{8295E4FD-BFD4-4DDE-9EBA-94F4BB29FCA1}.Debug|x64.Deploy.0 = Debug|Any CPU
		{8295E4FD-BFD4-4DDE-9EBA-94F4BB29FCA1}.Debug|x86.ActiveCfg = Debug|x86
		{8295E4FD-BFD4-4DDE-9EBA-94F4BB29FCA1}.Debug|x86.Build.0 = Debug|x86
		{8295E4FD-BFD4-4DDE-9EBA-94F4BB29FCA1}.Debug|x86.Deploy.0 = Debug|x86
		{8295E4FD-BFD4-4DDE-9EBA-94F4BB29FCA1}.Release|Any CPU.ActiveCfg = Release|Any CPU
		{8295E4FD-BFD4-4DDE-9EBA-94F4BB29FCA1}.Release|Any CPU.Build.0 = Release|Any CPU
		{8295E4FD-BFD4-4DDE-9EBA-94F4BB29FCA1}.Release|Any CPU.Deploy.0 = Release|Any CPU
		{8295E4FD-BFD4-4DDE-9EBA-94F4BB29FCA1}.Release|ARM.ActiveCfg = Release|ARM
		{8295E4FD-BFD4-4DDE-9EBA-94F4BB29FCA1}.Release|ARM.Build.0 = Release|ARM
		{8295E4FD-BFD4-4DDE-9EBA-94F4BB29FCA1}.Release|ARM.Deploy.0 = Release|ARM
		{8295E4FD-BFD4-4DDE-9EBA-94F4BB29FCA1}.Release|iPhone.ActiveCfg = Release|Any CPU
		{8295E4FD-BFD4-4DDE-9EBA-94F4BB29FCA1}.Release|iPhone.Build.0 = Release|Any CPU
		{8295E4FD-BFD4-4DDE-9EBA-94F4BB29FCA1}.Release|iPhone.Deploy.0 = Release|Any CPU
		{8295E4FD-BFD4-4DDE-9EBA-94F4BB29FCA1}.Release|iPhoneSimulator.ActiveCfg = Release|Any CPU
		{8295E4FD-BFD4-4DDE-9EBA-94F4BB29FCA1}.Release|iPhoneSimulator.Build.0 = Release|Any CPU
		{8295E4FD-BFD4-4DDE-9EBA-94F4BB29FCA1}.Release|iPhoneSimulator.Deploy.0 = Release|Any CPU
		{8295E4FD-BFD4-4DDE-9EBA-94F4BB29FCA1}.Release|x64.ActiveCfg = Release|Any CPU
		{8295E4FD-BFD4-4DDE-9EBA-94F4BB29FCA1}.Release|x64.Build.0 = Release|Any CPU
		{8295E4FD-BFD4-4DDE-9EBA-94F4BB29FCA1}.Release|x64.Deploy.0 = Release|Any CPU
		{8295E4FD-BFD4-4DDE-9EBA-94F4BB29FCA1}.Release|x86.ActiveCfg = Release|x86
		{8295E4FD-BFD4-4DDE-9EBA-94F4BB29FCA1}.Release|x86.Build.0 = Release|x86
		{8295E4FD-BFD4-4DDE-9EBA-94F4BB29FCA1}.Release|x86.Deploy.0 = Release|x86
		{33A38195-F380-4203-85C7-40EE85177643}.Ad-Hoc|Any CPU.ActiveCfg = Release|Any CPU
		{33A38195-F380-4203-85C7-40EE85177643}.Ad-Hoc|Any CPU.Build.0 = Release|Any CPU
		{33A38195-F380-4203-85C7-40EE85177643}.Ad-Hoc|Any CPU.Deploy.0 = Release|Any CPU
		{33A38195-F380-4203-85C7-40EE85177643}.Ad-Hoc|ARM.ActiveCfg = Release|ARM
		{33A38195-F380-4203-85C7-40EE85177643}.Ad-Hoc|ARM.Build.0 = Release|ARM
		{33A38195-F380-4203-85C7-40EE85177643}.Ad-Hoc|ARM.Deploy.0 = Release|ARM
		{33A38195-F380-4203-85C7-40EE85177643}.Ad-Hoc|iPhone.ActiveCfg = Release|Any CPU
		{33A38195-F380-4203-85C7-40EE85177643}.Ad-Hoc|iPhone.Build.0 = Release|Any CPU
		{33A38195-F380-4203-85C7-40EE85177643}.Ad-Hoc|iPhone.Deploy.0 = Release|Any CPU
		{33A38195-F380-4203-85C7-40EE85177643}.Ad-Hoc|iPhoneSimulator.ActiveCfg = Release|Any CPU
		{33A38195-F380-4203-85C7-40EE85177643}.Ad-Hoc|iPhoneSimulator.Build.0 = Release|Any CPU
		{33A38195-F380-4203-85C7-40EE85177643}.Ad-Hoc|iPhoneSimulator.Deploy.0 = Release|Any CPU
		{33A38195-F380-4203-85C7-40EE85177643}.Ad-Hoc|x64.ActiveCfg = Release|x64
		{33A38195-F380-4203-85C7-40EE85177643}.Ad-Hoc|x64.Build.0 = Release|x64
		{33A38195-F380-4203-85C7-40EE85177643}.Ad-Hoc|x64.Deploy.0 = Release|x64
		{33A38195-F380-4203-85C7-40EE85177643}.Ad-Hoc|x86.ActiveCfg = Release|x86
		{33A38195-F380-4203-85C7-40EE85177643}.Ad-Hoc|x86.Build.0 = Release|x86
		{33A38195-F380-4203-85C7-40EE85177643}.Ad-Hoc|x86.Deploy.0 = Release|x86
		{33A38195-F380-4203-85C7-40EE85177643}.AppStore|Any CPU.ActiveCfg = Release|Any CPU
		{33A38195-F380-4203-85C7-40EE85177643}.AppStore|Any CPU.Build.0 = Release|Any CPU
		{33A38195-F380-4203-85C7-40EE85177643}.AppStore|Any CPU.Deploy.0 = Release|Any CPU
		{33A38195-F380-4203-85C7-40EE85177643}.AppStore|ARM.ActiveCfg = Release|ARM
		{33A38195-F380-4203-85C7-40EE85177643}.AppStore|ARM.Build.0 = Release|ARM
		{33A38195-F380-4203-85C7-40EE85177643}.AppStore|ARM.Deploy.0 = Release|ARM
		{33A38195-F380-4203-85C7-40EE85177643}.AppStore|iPhone.ActiveCfg = Release|Any CPU
		{33A38195-F380-4203-85C7-40EE85177643}.AppStore|iPhone.Build.0 = Release|Any CPU
		{33A38195-F380-4203-85C7-40EE85177643}.AppStore|iPhone.Deploy.0 = Release|Any CPU
		{33A38195-F380-4203-85C7-40EE85177643}.AppStore|iPhoneSimulator.ActiveCfg = Release|Any CPU
		{33A38195-F380-4203-85C7-40EE85177643}.AppStore|iPhoneSimulator.Build.0 = Release|Any CPU
		{33A38195-F380-4203-85C7-40EE85177643}.AppStore|iPhoneSimulator.Deploy.0 = Release|Any CPU
		{33A38195-F380-4203-85C7-40EE85177643}.AppStore|x64.ActiveCfg = Release|x64
		{33A38195-F380-4203-85C7-40EE85177643}.AppStore|x64.Build.0 = Release|x64
		{33A38195-F380-4203-85C7-40EE85177643}.AppStore|x64.Deploy.0 = Release|x64
		{33A38195-F380-4203-85C7-40EE85177643}.AppStore|x86.ActiveCfg = Release|x86
		{33A38195-F380-4203-85C7-40EE85177643}.AppStore|x86.Build.0 = Release|x86
		{33A38195-F380-4203-85C7-40EE85177643}.AppStore|x86.Deploy.0 = Release|x86
		{33A38195-F380-4203-85C7-40EE85177643}.Debug|Any CPU.ActiveCfg = Debug|Any CPU
		{33A38195-F380-4203-85C7-40EE85177643}.Debug|Any CPU.Build.0 = Debug|Any CPU
		{33A38195-F380-4203-85C7-40EE85177643}.Debug|Any CPU.Deploy.0 = Debug|Any CPU
		{33A38195-F380-4203-85C7-40EE85177643}.Debug|ARM.ActiveCfg = Debug|ARM
		{33A38195-F380-4203-85C7-40EE85177643}.Debug|ARM.Build.0 = Debug|ARM
		{33A38195-F380-4203-85C7-40EE85177643}.Debug|ARM.Deploy.0 = Debug|ARM
		{33A38195-F380-4203-85C7-40EE85177643}.Debug|iPhone.ActiveCfg = Debug|Any CPU
		{33A38195-F380-4203-85C7-40EE85177643}.Debug|iPhone.Build.0 = Debug|Any CPU
		{33A38195-F380-4203-85C7-40EE85177643}.Debug|iPhone.Deploy.0 = Debug|Any CPU
		{33A38195-F380-4203-85C7-40EE85177643}.Debug|iPhoneSimulator.ActiveCfg = Debug|Any CPU
		{33A38195-F380-4203-85C7-40EE85177643}.Debug|iPhoneSimulator.Build.0 = Debug|Any CPU
		{33A38195-F380-4203-85C7-40EE85177643}.Debug|iPhoneSimulator.Deploy.0 = Debug|Any CPU
		{33A38195-F380-4203-85C7-40EE85177643}.Debug|x64.ActiveCfg = Debug|x64
		{33A38195-F380-4203-85C7-40EE85177643}.Debug|x64.Build.0 = Debug|x64
		{33A38195-F380-4203-85C7-40EE85177643}.Debug|x64.Deploy.0 = Debug|x64
		{33A38195-F380-4203-85C7-40EE85177643}.Debug|x86.ActiveCfg = Debug|x86
		{33A38195-F380-4203-85C7-40EE85177643}.Debug|x86.Build.0 = Debug|x86
		{33A38195-F380-4203-85C7-40EE85177643}.Debug|x86.Deploy.0 = Debug|x86
		{33A38195-F380-4203-85C7-40EE85177643}.Release|Any CPU.ActiveCfg = Release|Any CPU
		{33A38195-F380-4203-85C7-40EE85177643}.Release|Any CPU.Build.0 = Release|Any CPU
		{33A38195-F380-4203-85C7-40EE85177643}.Release|Any CPU.Deploy.0 = Release|Any CPU
		{33A38195-F380-4203-85C7-40EE85177643}.Release|ARM.ActiveCfg = Release|ARM
		{33A38195-F380-4203-85C7-40EE85177643}.Release|ARM.Build.0 = Release|ARM
		{33A38195-F380-4203-85C7-40EE85177643}.Release|ARM.Deploy.0 = Release|ARM
		{33A38195-F380-4203-85C7-40EE85177643}.Release|iPhone.ActiveCfg = Release|Any CPU
		{33A38195-F380-4203-85C7-40EE85177643}.Release|iPhone.Build.0 = Release|Any CPU
		{33A38195-F380-4203-85C7-40EE85177643}.Release|iPhone.Deploy.0 = Release|Any CPU
		{33A38195-F380-4203-85C7-40EE85177643}.Release|iPhoneSimulator.ActiveCfg = Release|Any CPU
		{33A38195-F380-4203-85C7-40EE85177643}.Release|iPhoneSimulator.Build.0 = Release|Any CPU
		{33A38195-F380-4203-85C7-40EE85177643}.Release|iPhoneSimulator.Deploy.0 = Release|Any CPU
		{33A38195-F380-4203-85C7-40EE85177643}.Release|x64.ActiveCfg = Release|x64
		{33A38195-F380-4203-85C7-40EE85177643}.Release|x64.Build.0 = Release|x64
		{33A38195-F380-4203-85C7-40EE85177643}.Release|x64.Deploy.0 = Release|x64
		{33A38195-F380-4203-85C7-40EE85177643}.Release|x86.ActiveCfg = Release|x86
		{33A38195-F380-4203-85C7-40EE85177643}.Release|x86.Build.0 = Release|x86
		{33A38195-F380-4203-85C7-40EE85177643}.Release|x86.Deploy.0 = Release|x86
	EndGlobalSection
	GlobalSection(SolutionProperties) = preSolution
		HideSolutionNode = FALSE
	EndGlobalSection
EndGlobal
